{
  "name": "cow-list",
  "version": "2.1.0",
  "lockfileVersion": 2,
  "requires": true,
  "packages": {
    "": {
      "name": "cow-list",
      "version": "2.1.0",
      "license": "Apache-2.0",
      "devDependencies": {
        "@node-rs/deno-lint": "^1.13.1",
        "esbuild": "^0.14.43",
        "fast-check": "^3.0.0",
        "oletus": "3.3.0",
        "prettier": "2.6.2",
        "typescript": "4.7.3",
        "validate-commit-message": "3.2.0"
      },
      "engines": {
        "node": "^12.20.0 || ^14.13.1 || >=16.0.0"
      }
    },
    "node_modules/@node-rs/deno-lint": {
      "version": "1.13.1",
      "resolved": "https://registry.npmjs.org/@node-rs/deno-lint/-/deno-lint-1.13.1.tgz",
      "integrity": "sha512-0fQ5+kAjK1QFX7iXjhLe0Sk+M2ES58q0Z1OxmDer8sF4o3m9RSP7oN1Qc9zcRkPm1DQO0z06Wr/10w7rHUQMnw==",
      "dev": true,
      "dependencies": {
        "clipanion": "^3.1.0",
        "typanion": "^3.8.0"
      },
      "bin": {
        "denolint": "bin.js"
      },
      "engines": {
        "node": ">= 10"
      },
      "funding": {
        "type": "github",
        "url": "https://github.com/sponsors/Brooooooklyn"
      },
      "optionalDependencies": {
        "@node-rs/deno-lint-android-arm-eabi": "1.13.1",
        "@node-rs/deno-lint-android-arm64": "1.13.1",
        "@node-rs/deno-lint-darwin-arm64": "1.13.1",
        "@node-rs/deno-lint-darwin-x64": "1.13.1",
        "@node-rs/deno-lint-freebsd-x64": "1.13.1",
        "@node-rs/deno-lint-linux-arm-gnueabihf": "1.13.1",
        "@node-rs/deno-lint-linux-arm64-gnu": "1.13.1",
        "@node-rs/deno-lint-linux-arm64-musl": "1.13.1",
        "@node-rs/deno-lint-linux-x64-gnu": "1.13.1",
        "@node-rs/deno-lint-linux-x64-musl": "1.13.1",
        "@node-rs/deno-lint-win32-arm64-msvc": "1.13.1",
        "@node-rs/deno-lint-win32-ia32-msvc": "1.13.1",
        "@node-rs/deno-lint-win32-x64-msvc": "1.13.1"
      }
    },
    "node_modules/@node-rs/deno-lint-android-arm-eabi": {
      "version": "1.13.1",
      "resolved": "https://registry.npmjs.org/@node-rs/deno-lint-android-arm-eabi/-/deno-lint-android-arm-eabi-1.13.1.tgz",
      "integrity": "sha512-IV0tdrx+y8QZCVAY2oUY5rlLzHZ2939Q6BhjB8r6EPIAmlSRGZjIwkWvSX4JqXpJgUy4FEndESvvg6IjIhPaMw==",
      "cpu": [
        "arm"
      ],
      "dev": true,
      "optional": true,
      "os": [
        "android"
      ],
      "engines": {
        "node": ">= 10"
      }
    },
    "node_modules/@node-rs/deno-lint-android-arm64": {
      "version": "1.13.1",
      "resolved": "https://registry.npmjs.org/@node-rs/deno-lint-android-arm64/-/deno-lint-android-arm64-1.13.1.tgz",
      "integrity": "sha512-B2rFeBVMaKFHoIAiJx+NveT677dbApZf3YG9ca3mMjw0y1X2f5T4GSYAqVVJtffJaXvAFLAV3jOYW56e7QV6Iw==",
      "cpu": [
        "arm64"
      ],
      "dev": true,
      "optional": true,
      "os": [
        "android"
      ],
      "engines": {
        "node": ">= 10"
      }
    },
    "node_modules/@node-rs/deno-lint-darwin-arm64": {
      "version": "1.13.1",
      "resolved": "https://registry.npmjs.org/@node-rs/deno-lint-darwin-arm64/-/deno-lint-darwin-arm64-1.13.1.tgz",
      "integrity": "sha512-/LaizMfSjXYhT4EkEMsN8ZvknARjIJqjVaSsBztfZI97ASE6sTPoJgmJquc0GuO4bECyfX7P2MLTtn7cfFip+w==",
      "cpu": [
        "arm64"
      ],
      "dev": true,
      "optional": true,
      "os": [
        "darwin"
      ],
      "engines": {
        "node": ">= 10"
      }
    },
    "node_modules/@node-rs/deno-lint-darwin-x64": {
      "version": "1.13.1",
      "resolved": "https://registry.npmjs.org/@node-rs/deno-lint-darwin-x64/-/deno-lint-darwin-x64-1.13.1.tgz",
      "integrity": "sha512-j5LEXhDAzlQRjp+1Aa60ks7uwRIVOnqNlkdlu47a+DAjRaRwts6ywI8lzk6DdJO119GCo0HVT3UpZzF3TZZ/YQ==",
      "cpu": [
        "x64"
      ],
      "dev": true,
      "optional": true,
      "os": [
        "darwin"
      ],
      "engines": {
        "node": ">= 10"
      }
    },
    "node_modules/@node-rs/deno-lint-freebsd-x64": {
      "version": "1.13.1",
      "resolved": "https://registry.npmjs.org/@node-rs/deno-lint-freebsd-x64/-/deno-lint-freebsd-x64-1.13.1.tgz",
      "integrity": "sha512-wQIqMcwYBv8io+nuQ4AZ8KialltCDc1O4cy3fSdvf8KwKCtGQ0D+WG5+nooyHxqzy5m/JwqUqJO2vRJWqdAH4w==",
      "cpu": [
        "x64"
      ],
      "dev": true,
      "optional": true,
      "os": [
        "freebsd"
      ],
      "engines": {
        "node": ">= 10"
      }
    },
    "node_modules/@node-rs/deno-lint-linux-arm-gnueabihf": {
      "version": "1.13.1",
      "resolved": "https://registry.npmjs.org/@node-rs/deno-lint-linux-arm-gnueabihf/-/deno-lint-linux-arm-gnueabihf-1.13.1.tgz",
      "integrity": "sha512-WO+0X3jD1Nn99rH6mGDZ/vk/0kaotckF37j/IIAjT4AsWdLDAPihIfOMkTAiWSTvxkvPBs2hfc3YMQBGFP/sEw==",
      "cpu": [
        "arm"
      ],
      "dev": true,
      "optional": true,
      "os": [
        "linux"
      ],
      "engines": {
        "node": ">= 10"
      }
    },
    "node_modules/@node-rs/deno-lint-linux-arm64-gnu": {
      "version": "1.13.1",
      "resolved": "https://registry.npmjs.org/@node-rs/deno-lint-linux-arm64-gnu/-/deno-lint-linux-arm64-gnu-1.13.1.tgz",
      "integrity": "sha512-/yjeKMtwAXV24Ahs2Jv5nG+GpX2gPdKHLgzPsrVuPOZvqlgCzxs04BY82QL49DHvnIcrv1W4B+StDSTapuCZ2w==",
      "cpu": [
        "arm64"
      ],
      "dev": true,
      "optional": true,
      "os": [
        "linux"
      ],
      "engines": {
        "node": ">= 10"
      }
    },
    "node_modules/@node-rs/deno-lint-linux-arm64-musl": {
      "version": "1.13.1",
      "resolved": "https://registry.npmjs.org/@node-rs/deno-lint-linux-arm64-musl/-/deno-lint-linux-arm64-musl-1.13.1.tgz",
      "integrity": "sha512-kqNMlErnMaUom3IyU1pYDE/qNbU9TZXKJ9qFcCxbHdIDTieK1Wqy4yc4QpMLQFXE9XRUFOli22PEnDO7IsJezg==",
      "cpu": [
        "arm64"
      ],
      "dev": true,
      "optional": true,
      "os": [
        "linux"
      ],
      "engines": {
        "node": ">= 10"
      }
    },
    "node_modules/@node-rs/deno-lint-linux-x64-gnu": {
      "version": "1.13.1",
      "resolved": "https://registry.npmjs.org/@node-rs/deno-lint-linux-x64-gnu/-/deno-lint-linux-x64-gnu-1.13.1.tgz",
      "integrity": "sha512-hH7+z9AWauTUpNk7ando8EWNLd7SYROGIbWW5ho8aFapRR715HV1EwnIJZuaBn8xsWBKmP1Jg/+Q8KMAXGCi4g==",
      "cpu": [
        "x64"
      ],
      "dev": true,
      "optional": true,
      "os": [
        "linux"
      ],
      "engines": {
        "node": ">= 10"
      }
    },
    "node_modules/@node-rs/deno-lint-linux-x64-musl": {
      "version": "1.13.1",
      "resolved": "https://registry.npmjs.org/@node-rs/deno-lint-linux-x64-musl/-/deno-lint-linux-x64-musl-1.13.1.tgz",
      "integrity": "sha512-s9RUNuXLT2itPTqU5b9pAp7Lg8KoEdAJ4yzDekGo8AK9mb/rLs7q30af7Qi5AdzWOq5VsXYjkghZH8HbwhnHEQ==",
      "cpu": [
        "x64"
      ],
      "dev": true,
      "optional": true,
      "os": [
        "linux"
      ],
      "engines": {
        "node": ">= 10"
      }
    },
    "node_modules/@node-rs/deno-lint-win32-arm64-msvc": {
      "version": "1.13.1",
      "resolved": "https://registry.npmjs.org/@node-rs/deno-lint-win32-arm64-msvc/-/deno-lint-win32-arm64-msvc-1.13.1.tgz",
      "integrity": "sha512-T5Xd/Q86xN9hS1zLgruxtkb9jsGHdYRN1qHG6ltYcLZPAAUP3tTjbsZhLSaGVSOmOGZt5wmmBOPSHzb2hxnXPw==",
      "cpu": [
        "arm64"
      ],
      "dev": true,
      "optional": true,
      "os": [
        "win32"
      ],
      "engines": {
        "node": ">= 10"
      }
    },
    "node_modules/@node-rs/deno-lint-win32-ia32-msvc": {
      "version": "1.13.1",
      "resolved": "https://registry.npmjs.org/@node-rs/deno-lint-win32-ia32-msvc/-/deno-lint-win32-ia32-msvc-1.13.1.tgz",
      "integrity": "sha512-rDCx8QBaEpEznu3x/dW4SskBSaTCaGSgR4K+YJXIihxDXWeMtyyt/ek+wB2zezIVVfaSxBkLkSBJIEdZqped7Q==",
      "cpu": [
        "ia32"
      ],
      "dev": true,
      "optional": true,
      "os": [
        "win32"
      ],
      "engines": {
        "node": ">= 10"
      }
    },
    "node_modules/@node-rs/deno-lint-win32-x64-msvc": {
      "version": "1.13.1",
      "resolved": "https://registry.npmjs.org/@node-rs/deno-lint-win32-x64-msvc/-/deno-lint-win32-x64-msvc-1.13.1.tgz",
      "integrity": "sha512-EL5D4MGFYUjAz107fuD1OjsSjWKMvYkMB8PDmI5YbuoIyDGcq9lwCXkQbpN+T16EBHaWHlCnVPJE6YAwqJg1Vw==",
      "cpu": [
        "x64"
      ],
      "dev": true,
      "optional": true,
      "os": [
        "win32"
      ],
      "engines": {
        "node": ">= 10"
      }
    },
    "node_modules/clipanion": {
      "version": "3.1.0",
      "resolved": "https://registry.npmjs.org/clipanion/-/clipanion-3.1.0.tgz",
      "integrity": "sha512-v025Hz+IDQ15FpOyK8p02h5bFznMu6rLFsJSyOPR+7WrbSnZ1Ek6pblPukV7K5tC/dsWfncQPIrJ4iUy2PXkbw==",
      "dev": true,
      "dependencies": {
        "typanion": "^3.3.1"
      },
      "peerDependencies": {
        "typanion": "*"
      }
    },
    "node_modules/esbuild": {
      "version": "0.14.43",
      "resolved": "https://registry.npmjs.org/esbuild/-/esbuild-0.14.43.tgz",
      "integrity": "sha512-Uf94+kQmy/5jsFwKWiQB4hfo/RkM9Dh7b79p8yqd1tshULdr25G2szLz631NoH3s2ujnKEKVD16RmOxvCNKRFA==",
      "dev": true,
      "hasInstallScript": true,
      "bin": {
        "esbuild": "bin/esbuild"
      },
      "engines": {
        "node": ">=12"
      },
      "optionalDependencies": {
        "esbuild-android-64": "0.14.43",
        "esbuild-android-arm64": "0.14.43",
        "esbuild-darwin-64": "0.14.43",
        "esbuild-darwin-arm64": "0.14.43",
        "esbuild-freebsd-64": "0.14.43",
        "esbuild-freebsd-arm64": "0.14.43",
        "esbuild-linux-32": "0.14.43",
        "esbuild-linux-64": "0.14.43",
        "esbuild-linux-arm": "0.14.43",
        "esbuild-linux-arm64": "0.14.43",
        "esbuild-linux-mips64le": "0.14.43",
        "esbuild-linux-ppc64le": "0.14.43",
        "esbuild-linux-riscv64": "0.14.43",
        "esbuild-linux-s390x": "0.14.43",
        "esbuild-netbsd-64": "0.14.43",
        "esbuild-openbsd-64": "0.14.43",
        "esbuild-sunos-64": "0.14.43",
        "esbuild-windows-32": "0.14.43",
        "esbuild-windows-64": "0.14.43",
        "esbuild-windows-arm64": "0.14.43"
      }
    },
    "node_modules/esbuild-android-64": {
      "version": "0.14.43",
      "resolved": "https://registry.npmjs.org/esbuild-android-64/-/esbuild-android-64-0.14.43.tgz",
      "integrity": "sha512-kqFXAS72K6cNrB6RiM7YJ5lNvmWRDSlpi7ZuRZ1hu1S3w0zlwcoCxWAyM23LQUyZSs1PbjHgdbbfYAN8IGh6xg==",
      "cpu": [
        "x64"
      ],
      "dev": true,
      "optional": true,
      "os": [
        "android"
      ],
      "engines": {
        "node": ">=12"
      }
    },
    "node_modules/esbuild-android-arm64": {
      "version": "0.14.43",
      "resolved": "https://registry.npmjs.org/esbuild-android-arm64/-/esbuild-android-arm64-0.14.43.tgz",
      "integrity": "sha512-bKS2BBFh+7XZY9rpjiHGRNA7LvWYbZWP87pLehggTG7tTaCDvj8qQGOU/OZSjCSKDYbgY7Q+oDw8RlYQ2Jt2BA==",
      "cpu": [
        "arm64"
      ],
      "dev": true,
      "optional": true,
      "os": [
        "android"
      ],
      "engines": {
        "node": ">=12"
      }
    },
    "node_modules/esbuild-darwin-64": {
      "version": "0.14.43",
      "resolved": "https://registry.npmjs.org/esbuild-darwin-64/-/esbuild-darwin-64-0.14.43.tgz",
      "integrity": "sha512-/3PSilx011ttoieRGkSZ0XV8zjBf2C9enV4ScMMbCT4dpx0mFhMOpFnCHkOK0pWGB8LklykFyHrWk2z6DENVUg==",
      "cpu": [
        "x64"
      ],
      "dev": true,
      "optional": true,
      "os": [
        "darwin"
      ],
      "engines": {
        "node": ">=12"
      }
    },
    "node_modules/esbuild-darwin-arm64": {
      "version": "0.14.43",
      "resolved": "https://registry.npmjs.org/esbuild-darwin-arm64/-/esbuild-darwin-arm64-0.14.43.tgz",
      "integrity": "sha512-1HyFUKs8DMCBOvw1Qxpr5Vv/ThNcVIFb5xgXWK3pyT40WPvgYIiRTwJCvNs4l8i5qWF8/CK5bQxJVDjQvtv0Yw==",
      "cpu": [
        "arm64"
      ],
      "dev": true,
      "optional": true,
      "os": [
        "darwin"
      ],
      "engines": {
        "node": ">=12"
      }
    },
    "node_modules/esbuild-freebsd-64": {
      "version": "0.14.43",
      "resolved": "https://registry.npmjs.org/esbuild-freebsd-64/-/esbuild-freebsd-64-0.14.43.tgz",
      "integrity": "sha512-FNWc05TPHYgaXjbPZO5/rJKSBslfG6BeMSs8GhwnqAKP56eEhvmzwnIz1QcC9cRVyO+IKqWNfmHFkCa1WJTULA==",
      "cpu": [
        "x64"
      ],
      "dev": true,
      "optional": true,
      "os": [
        "freebsd"
      ],
      "engines": {
        "node": ">=12"
      }
    },
    "node_modules/esbuild-freebsd-arm64": {
      "version": "0.14.43",
      "resolved": "https://registry.npmjs.org/esbuild-freebsd-arm64/-/esbuild-freebsd-arm64-0.14.43.tgz",
      "integrity": "sha512-amrYopclz3VohqisOPR6hA3GOWA3LZC1WDLnp21RhNmoERmJ/vLnOpnrG2P/Zao+/erKTCUqmrCIPVtj58DRoA==",
      "cpu": [
        "arm64"
      ],
      "dev": true,
      "optional": true,
      "os": [
        "freebsd"
      ],
      "engines": {
        "node": ">=12"
      }
    },
    "node_modules/esbuild-linux-32": {
      "version": "0.14.43",
      "resolved": "https://registry.npmjs.org/esbuild-linux-32/-/esbuild-linux-32-0.14.43.tgz",
      "integrity": "sha512-KoxoEra+9O3AKVvgDFvDkiuddCds6q71owSQEYwjtqRV7RwbPzKxJa6+uyzUulHcyGVq0g15K0oKG5CFBcvYDw==",
      "cpu": [
        "ia32"
      ],
      "dev": true,
      "optional": true,
      "os": [
        "linux"
      ],
      "engines": {
        "node": ">=12"
      }
    },
    "node_modules/esbuild-linux-64": {
      "version": "0.14.43",
      "resolved": "https://registry.npmjs.org/esbuild-linux-64/-/esbuild-linux-64-0.14.43.tgz",
      "integrity": "sha512-EwINwGMyiJMgBby5/SbMqKcUhS5AYAZ2CpEBzSowsJPNBJEdhkCTtEjk757TN/wxgbu3QklqDM6KghY660QCUw==",
      "cpu": [
        "x64"
      ],
      "dev": true,
      "optional": true,
      "os": [
        "linux"
      ],
      "engines": {
        "node": ">=12"
      }
    },
    "node_modules/esbuild-linux-arm": {
      "version": "0.14.43",
      "resolved": "https://registry.npmjs.org/esbuild-linux-arm/-/esbuild-linux-arm-0.14.43.tgz",
      "integrity": "sha512-e6YzQUoDxxtyamuF12eVzzRC7bbEFSZohJ6igQB9tBqnNmIQY3fI6Cns3z2wxtbZ3f2o6idkD2fQnlvs2902Dg==",
      "cpu": [
        "arm"
      ],
      "dev": true,
      "optional": true,
      "os": [
        "linux"
      ],
      "engines": {
        "node": ">=12"
      }
    },
    "node_modules/esbuild-linux-arm64": {
      "version": "0.14.43",
      "resolved": "https://registry.npmjs.org/esbuild-linux-arm64/-/esbuild-linux-arm64-0.14.43.tgz",
      "integrity": "sha512-UlSpjMWllAc70zYbHxWuDS3FJytyuR/gHJYBr8BICcTNb/TSOYVBg6U7b3jZ3mILTrgzwJUHwhEwK18FZDouUQ==",
      "cpu": [
        "arm64"
      ],
      "dev": true,
      "optional": true,
      "os": [
        "linux"
      ],
      "engines": {
        "node": ">=12"
      }
    },
    "node_modules/esbuild-linux-mips64le": {
      "version": "0.14.43",
      "resolved": "https://registry.npmjs.org/esbuild-linux-mips64le/-/esbuild-linux-mips64le-0.14.43.tgz",
      "integrity": "sha512-f+v8cInPEL1/SDP//CfSYzcDNgE4CY3xgDV81DWm3KAPWzhvxARrKxB1Pstf5mB56yAslJDxu7ryBUPX207EZA==",
      "cpu": [
        "mips64el"
      ],
      "dev": true,
      "optional": true,
      "os": [
        "linux"
      ],
      "engines": {
        "node": ">=12"
      }
    },
    "node_modules/esbuild-linux-ppc64le": {
      "version": "0.14.43",
      "resolved": "https://registry.npmjs.org/esbuild-linux-ppc64le/-/esbuild-linux-ppc64le-0.14.43.tgz",
      "integrity": "sha512-5wZYMDGAL/K2pqkdIsW+I4IR41kyfHr/QshJcNpUfK3RjB3VQcPWOaZmc+74rm4ZjVirYrtz+jWw0SgxtxRanA==",
      "cpu": [
        "ppc64"
      ],
      "dev": true,
      "optional": true,
      "os": [
        "linux"
      ],
      "engines": {
        "node": ">=12"
      }
    },
    "node_modules/esbuild-linux-riscv64": {
      "version": "0.14.43",
      "resolved": "https://registry.npmjs.org/esbuild-linux-riscv64/-/esbuild-linux-riscv64-0.14.43.tgz",
      "integrity": "sha512-lYcAOUxp85hC7lSjycJUVSmj4/9oEfSyXjb/ua9bNl8afonaduuqtw7hvKMoKuYnVwOCDw4RSfKpcnIRDWq+Bw==",
      "cpu": [
        "riscv64"
      ],
      "dev": true,
      "optional": true,
      "os": [
        "linux"
      ],
      "engines": {
        "node": ">=12"
      }
    },
    "node_modules/esbuild-linux-s390x": {
      "version": "0.14.43",
      "resolved": "https://registry.npmjs.org/esbuild-linux-s390x/-/esbuild-linux-s390x-0.14.43.tgz",
      "integrity": "sha512-27e43ZhHvhFE4nM7HqtUbMRu37I/4eNSUbb8FGZWszV+uLzMIsHDwLoBiJmw7G9N+hrehNPeQ4F5Ujad0DrUKQ==",
      "cpu": [
        "s390x"
      ],
      "dev": true,
      "optional": true,
      "os": [
        "linux"
      ],
      "engines": {
        "node": ">=12"
      }
    },
    "node_modules/esbuild-netbsd-64": {
      "version": "0.14.43",
      "resolved": "https://registry.npmjs.org/esbuild-netbsd-64/-/esbuild-netbsd-64-0.14.43.tgz",
      "integrity": "sha512-2mH4QF6hHBn5zzAfxEI/2eBC0mspVsZ6UVo821LpAJKMvLJPBk3XJO5xwg7paDqSqpl7p6IRrAenW999AEfJhQ==",
      "cpu": [
        "x64"
      ],
      "dev": true,
      "optional": true,
      "os": [
        "netbsd"
      ],
      "engines": {
        "node": ">=12"
      }
    },
    "node_modules/esbuild-openbsd-64": {
      "version": "0.14.43",
      "resolved": "https://registry.npmjs.org/esbuild-openbsd-64/-/esbuild-openbsd-64-0.14.43.tgz",
      "integrity": "sha512-ZhQpiZjvqCqO8jKdGp9+8k9E/EHSA+zIWOg+grwZasI9RoblqJ1QiZqqi7jfd6ZrrG1UFBNGe4m0NFxCFbMVbg==",
      "cpu": [
        "x64"
      ],
      "dev": true,
      "optional": true,
      "os": [
        "openbsd"
      ],
      "engines": {
        "node": ">=12"
      }
    },
    "node_modules/esbuild-sunos-64": {
      "version": "0.14.43",
      "resolved": "https://registry.npmjs.org/esbuild-sunos-64/-/esbuild-sunos-64-0.14.43.tgz",
      "integrity": "sha512-DgxSi9DaHReL9gYuul2rrQCAapgnCJkh3LSHPKsY26zytYppG0HgkgVF80zjIlvEsUbGBP/GHQzBtrezj/Zq1Q==",
      "cpu": [
        "x64"
      ],
      "dev": true,
      "optional": true,
      "os": [
        "sunos"
      ],
      "engines": {
        "node": ">=12"
      }
    },
    "node_modules/esbuild-windows-32": {
      "version": "0.14.43",
      "resolved": "https://registry.npmjs.org/esbuild-windows-32/-/esbuild-windows-32-0.14.43.tgz",
      "integrity": "sha512-Ih3+2O5oExiqm0mY6YYE5dR0o8+AspccQ3vIAtRodwFvhuyGLjb0Hbmzun/F3Lw19nuhPMu3sW2fqIJ5xBxByw==",
      "cpu": [
        "ia32"
      ],
      "dev": true,
      "optional": true,
      "os": [
        "win32"
      ],
      "engines": {
        "node": ">=12"
      }
    },
    "node_modules/esbuild-windows-64": {
      "version": "0.14.43",
      "resolved": "https://registry.npmjs.org/esbuild-windows-64/-/esbuild-windows-64-0.14.43.tgz",
      "integrity": "sha512-8NsuNfI8xwFuJbrCuI+aBqNTYkrWErejFO5aYM+yHqyHuL8mmepLS9EPzAzk8rvfaJrhN0+RvKWAcymViHOKEw==",
      "cpu": [
        "x64"
      ],
      "dev": true,
      "optional": true,
      "os": [
        "win32"
      ],
      "engines": {
        "node": ">=12"
      }
    },
    "node_modules/esbuild-windows-arm64": {
      "version": "0.14.43",
      "resolved": "https://registry.npmjs.org/esbuild-windows-arm64/-/esbuild-windows-arm64-0.14.43.tgz",
      "integrity": "sha512-7ZlD7bo++kVRblJEoG+cepljkfP8bfuTPz5fIXzptwnPaFwGS6ahvfoYzY7WCf5v/1nX2X02HDraVItTgbHnKw==",
      "cpu": [
        "arm64"
      ],
      "dev": true,
      "optional": true,
      "os": [
        "win32"
      ],
      "engines": {
        "node": ">=12"
      }
    },
    "node_modules/fast-check": {
      "version": "3.0.0",
      "resolved": "https://registry.npmjs.org/fast-check/-/fast-check-3.0.0.tgz",
      "integrity": "sha512-uujtrFJEQQqnIMO52ARwzPcuV4omiL1OJBUBLE9WnNFeu0A97sREXDOmCIHY+Z6KLVcemUf09rWr0q0Xy/Y/Ew==",
      "dev": true,
      "dependencies": {
        "pure-rand": "^5.0.1"
      },
      "engines": {
        "node": ">=8.0.0"
      },
      "funding": {
        "type": "opencollective",
        "url": "https://opencollective.com/fast-check"
      }
    },
    "node_modules/oletus": {
      "version": "3.3.0",
      "resolved": "https://registry.npmjs.org/oletus/-/oletus-3.3.0.tgz",
      "integrity": "sha512-Vbyw2FdICsRVLzT/9C26mcyhlElkMYXG1BECDMZ1BVT7fwzk4RicdsM9Of4rjbcHYe1hkUzc2cOaSISD4jGZDA==",
      "dev": true,
      "bin": {
        "oletus": "cli.mjs"
      },
      "engines": {
        "node": ">= 12.0.0"
      }
    },
    "node_modules/prettier": {
      "version": "2.6.2",
      "resolved": "https://registry.npmjs.org/prettier/-/prettier-2.6.2.tgz",
      "integrity": "sha512-PkUpF+qoXTqhOeWL9fu7As8LXsIUZ1WYaJiY/a7McAQzxjk82OF0tibkFXVCDImZtWxbvojFjerkiLb0/q8mew==",
      "dev": true,
      "bin": {
        "prettier": "bin-prettier.js"
      },
      "engines": {
        "node": ">=10.13.0"
      },
      "funding": {
        "url": "https://github.com/prettier/prettier?sponsor=1"
      }
    },
    "node_modules/pure-rand": {
      "version": "5.0.1",
      "resolved": "https://registry.npmjs.org/pure-rand/-/pure-rand-5.0.1.tgz",
      "integrity": "sha512-ksWccjmXOHU2gJBnH0cK1lSYdvSZ0zLoCMSz/nTGh6hDvCSgcRxDyIcOBD6KNxFz3xhMPm/T267Tbe2JRymKEQ==",
      "dev": true,
      "funding": {
        "type": "opencollective",
        "url": "https://opencollective.com/fast-check"
      }
    },
    "node_modules/typanion": {
      "version": "3.9.0",
      "resolved": "https://registry.npmjs.org/typanion/-/typanion-3.9.0.tgz",
      "integrity": "sha512-7yPk67IIquhKQcUXOBM27vDuGmZf6oJbEmzgVfDniHCkT6+z4JnKY85nKqbstoec8Kp7hD06TP3Kc98ij43PIg==",
      "dev": true
    },
    "node_modules/typescript": {
      "version": "4.7.3",
      "resolved": "https://registry.npmjs.org/typescript/-/typescript-4.7.3.tgz",
      "integrity": "sha512-WOkT3XYvrpXx4vMMqlD+8R8R37fZkjyLGlxavMc4iB8lrl8L0DeTcHbYgw/v0N/z9wAFsgBhcsF0ruoySS22mA==",
      "dev": true,
      "bin": {
        "tsc": "bin/tsc",
        "tsserver": "bin/tsserver"
      },
      "engines": {
        "node": ">=4.2.0"
      }
    },
    "node_modules/validate-commit-message": {
      "version": "3.2.0",
      "resolved": "https://registry.npmjs.org/validate-commit-message/-/validate-commit-message-3.2.0.tgz",
      "integrity": "sha512-LJG2V+KWVeFk+fPGdY5iPA787D1KRAj4YipcRJFSY6VO2jLg6L2xPViOonS22lzvTjGBb0xowYZeOpcEmIeGeQ==",
      "dev": true,
      "bin": {
        "validate-commit-msg": "bin/validate-commit-msg.js"
      }
    }
  },
  "dependencies": {
    "@node-rs/deno-lint": {
      "version": "1.13.1",
      "resolved": "https://registry.npmjs.org/@node-rs/deno-lint/-/deno-lint-1.13.1.tgz",
      "integrity": "sha512-0fQ5+kAjK1QFX7iXjhLe0Sk+M2ES58q0Z1OxmDer8sF4o3m9RSP7oN1Qc9zcRkPm1DQO0z06Wr/10w7rHUQMnw==",
      "dev": true,
      "requires": {
        "@node-rs/deno-lint-android-arm-eabi": "1.13.1",
        "@node-rs/deno-lint-android-arm64": "1.13.1",
        "@node-rs/deno-lint-darwin-arm64": "1.13.1",
        "@node-rs/deno-lint-darwin-x64": "1.13.1",
        "@node-rs/deno-lint-freebsd-x64": "1.13.1",
        "@node-rs/deno-lint-linux-arm-gnueabihf": "1.13.1",
        "@node-rs/deno-lint-linux-arm64-gnu": "1.13.1",
        "@node-rs/deno-lint-linux-arm64-musl": "1.13.1",
        "@node-rs/deno-lint-linux-x64-gnu": "1.13.1",
        "@node-rs/deno-lint-linux-x64-musl": "1.13.1",
        "@node-rs/deno-lint-win32-arm64-msvc": "1.13.1",
        "@node-rs/deno-lint-win32-ia32-msvc": "1.13.1",
        "@node-rs/deno-lint-win32-x64-msvc": "1.13.1",
        "clipanion": "^3.1.0",
        "typanion": "^3.8.0"
      }
    },
    "@node-rs/deno-lint-android-arm-eabi": {
      "version": "1.13.1",
      "resolved": "https://registry.npmjs.org/@node-rs/deno-lint-android-arm-eabi/-/deno-lint-android-arm-eabi-1.13.1.tgz",
      "integrity": "sha512-IV0tdrx+y8QZCVAY2oUY5rlLzHZ2939Q6BhjB8r6EPIAmlSRGZjIwkWvSX4JqXpJgUy4FEndESvvg6IjIhPaMw==",
      "dev": true,
      "optional": true
    },
    "@node-rs/deno-lint-android-arm64": {
      "version": "1.13.1",
      "resolved": "https://registry.npmjs.org/@node-rs/deno-lint-android-arm64/-/deno-lint-android-arm64-1.13.1.tgz",
      "integrity": "sha512-B2rFeBVMaKFHoIAiJx+NveT677dbApZf3YG9ca3mMjw0y1X2f5T4GSYAqVVJtffJaXvAFLAV3jOYW56e7QV6Iw==",
      "dev": true,
      "optional": true
    },
    "@node-rs/deno-lint-darwin-arm64": {
      "version": "1.13.1",
      "resolved": "https://registry.npmjs.org/@node-rs/deno-lint-darwin-arm64/-/deno-lint-darwin-arm64-1.13.1.tgz",
      "integrity": "sha512-/LaizMfSjXYhT4EkEMsN8ZvknARjIJqjVaSsBztfZI97ASE6sTPoJgmJquc0GuO4bECyfX7P2MLTtn7cfFip+w==",
      "dev": true,
      "optional": true
    },
    "@node-rs/deno-lint-darwin-x64": {
      "version": "1.13.1",
      "resolved": "https://registry.npmjs.org/@node-rs/deno-lint-darwin-x64/-/deno-lint-darwin-x64-1.13.1.tgz",
      "integrity": "sha512-j5LEXhDAzlQRjp+1Aa60ks7uwRIVOnqNlkdlu47a+DAjRaRwts6ywI8lzk6DdJO119GCo0HVT3UpZzF3TZZ/YQ==",
      "dev": true,
      "optional": true
    },
    "@node-rs/deno-lint-freebsd-x64": {
      "version": "1.13.1",
      "resolved": "https://registry.npmjs.org/@node-rs/deno-lint-freebsd-x64/-/deno-lint-freebsd-x64-1.13.1.tgz",
      "integrity": "sha512-wQIqMcwYBv8io+nuQ4AZ8KialltCDc1O4cy3fSdvf8KwKCtGQ0D+WG5+nooyHxqzy5m/JwqUqJO2vRJWqdAH4w==",
      "dev": true,
      "optional": true
    },
    "@node-rs/deno-lint-linux-arm-gnueabihf": {
      "version": "1.13.1",
      "resolved": "https://registry.npmjs.org/@node-rs/deno-lint-linux-arm-gnueabihf/-/deno-lint-linux-arm-gnueabihf-1.13.1.tgz",
      "integrity": "sha512-WO+0X3jD1Nn99rH6mGDZ/vk/0kaotckF37j/IIAjT4AsWdLDAPihIfOMkTAiWSTvxkvPBs2hfc3YMQBGFP/sEw==",
      "dev": true,
      "optional": true
    },
    "@node-rs/deno-lint-linux-arm64-gnu": {
      "version": "1.13.1",
      "resolved": "https://registry.npmjs.org/@node-rs/deno-lint-linux-arm64-gnu/-/deno-lint-linux-arm64-gnu-1.13.1.tgz",
      "integrity": "sha512-/yjeKMtwAXV24Ahs2Jv5nG+GpX2gPdKHLgzPsrVuPOZvqlgCzxs04BY82QL49DHvnIcrv1W4B+StDSTapuCZ2w==",
      "dev": true,
      "optional": true
    },
    "@node-rs/deno-lint-linux-arm64-musl": {
      "version": "1.13.1",
      "resolved": "https://registry.npmjs.org/@node-rs/deno-lint-linux-arm64-musl/-/deno-lint-linux-arm64-musl-1.13.1.tgz",
      "integrity": "sha512-kqNMlErnMaUom3IyU1pYDE/qNbU9TZXKJ9qFcCxbHdIDTieK1Wqy4yc4QpMLQFXE9XRUFOli22PEnDO7IsJezg==",
      "dev": true,
      "optional": true
    },
    "@node-rs/deno-lint-linux-x64-gnu": {
      "version": "1.13.1",
      "resolved": "https://registry.npmjs.org/@node-rs/deno-lint-linux-x64-gnu/-/deno-lint-linux-x64-gnu-1.13.1.tgz",
      "integrity": "sha512-hH7+z9AWauTUpNk7ando8EWNLd7SYROGIbWW5ho8aFapRR715HV1EwnIJZuaBn8xsWBKmP1Jg/+Q8KMAXGCi4g==",
      "dev": true,
      "optional": true
    },
    "@node-rs/deno-lint-linux-x64-musl": {
      "version": "1.13.1",
      "resolved": "https://registry.npmjs.org/@node-rs/deno-lint-linux-x64-musl/-/deno-lint-linux-x64-musl-1.13.1.tgz",
      "integrity": "sha512-s9RUNuXLT2itPTqU5b9pAp7Lg8KoEdAJ4yzDekGo8AK9mb/rLs7q30af7Qi5AdzWOq5VsXYjkghZH8HbwhnHEQ==",
      "dev": true,
      "optional": true
    },
    "@node-rs/deno-lint-win32-arm64-msvc": {
      "version": "1.13.1",
      "resolved": "https://registry.npmjs.org/@node-rs/deno-lint-win32-arm64-msvc/-/deno-lint-win32-arm64-msvc-1.13.1.tgz",
      "integrity": "sha512-T5Xd/Q86xN9hS1zLgruxtkb9jsGHdYRN1qHG6ltYcLZPAAUP3tTjbsZhLSaGVSOmOGZt5wmmBOPSHzb2hxnXPw==",
      "dev": true,
      "optional": true
    },
    "@node-rs/deno-lint-win32-ia32-msvc": {
      "version": "1.13.1",
      "resolved": "https://registry.npmjs.org/@node-rs/deno-lint-win32-ia32-msvc/-/deno-lint-win32-ia32-msvc-1.13.1.tgz",
      "integrity": "sha512-rDCx8QBaEpEznu3x/dW4SskBSaTCaGSgR4K+YJXIihxDXWeMtyyt/ek+wB2zezIVVfaSxBkLkSBJIEdZqped7Q==",
      "dev": true,
      "optional": true
    },
    "@node-rs/deno-lint-win32-x64-msvc": {
      "version": "1.13.1",
      "resolved": "https://registry.npmjs.org/@node-rs/deno-lint-win32-x64-msvc/-/deno-lint-win32-x64-msvc-1.13.1.tgz",
      "integrity": "sha512-EL5D4MGFYUjAz107fuD1OjsSjWKMvYkMB8PDmI5YbuoIyDGcq9lwCXkQbpN+T16EBHaWHlCnVPJE6YAwqJg1Vw==",
      "dev": true,
      "optional": true
    },
    "clipanion": {
      "version": "3.1.0",
      "resolved": "https://registry.npmjs.org/clipanion/-/clipanion-3.1.0.tgz",
      "integrity": "sha512-v025Hz+IDQ15FpOyK8p02h5bFznMu6rLFsJSyOPR+7WrbSnZ1Ek6pblPukV7K5tC/dsWfncQPIrJ4iUy2PXkbw==",
      "dev": true,
      "requires": {
        "typanion": "^3.3.1"
      }
    },
    "esbuild": {
      "version": "0.14.43",
      "resolved": "https://registry.npmjs.org/esbuild/-/esbuild-0.14.43.tgz",
      "integrity": "sha512-Uf94+kQmy/5jsFwKWiQB4hfo/RkM9Dh7b79p8yqd1tshULdr25G2szLz631NoH3s2ujnKEKVD16RmOxvCNKRFA==",
      "dev": true,
      "requires": {
        "esbuild-android-64": "0.14.43",
        "esbuild-android-arm64": "0.14.43",
        "esbuild-darwin-64": "0.14.43",
        "esbuild-darwin-arm64": "0.14.43",
        "esbuild-freebsd-64": "0.14.43",
        "esbuild-freebsd-arm64": "0.14.43",
        "esbuild-linux-32": "0.14.43",
        "esbuild-linux-64": "0.14.43",
        "esbuild-linux-arm": "0.14.43",
        "esbuild-linux-arm64": "0.14.43",
        "esbuild-linux-mips64le": "0.14.43",
        "esbuild-linux-ppc64le": "0.14.43",
        "esbuild-linux-riscv64": "0.14.43",
        "esbuild-linux-s390x": "0.14.43",
        "esbuild-netbsd-64": "0.14.43",
        "esbuild-openbsd-64": "0.14.43",
        "esbuild-sunos-64": "0.14.43",
        "esbuild-windows-32": "0.14.43",
        "esbuild-windows-64": "0.14.43",
        "esbuild-windows-arm64": "0.14.43"
      }
    },
    "esbuild-android-64": {
      "version": "0.14.43",
      "resolved": "https://registry.npmjs.org/esbuild-android-64/-/esbuild-android-64-0.14.43.tgz",
      "integrity": "sha512-kqFXAS72K6cNrB6RiM7YJ5lNvmWRDSlpi7ZuRZ1hu1S3w0zlwcoCxWAyM23LQUyZSs1PbjHgdbbfYAN8IGh6xg==",
      "dev": true,
      "optional": true
    },
    "esbuild-android-arm64": {
      "version": "0.14.43",
      "resolved": "https://registry.npmjs.org/esbuild-android-arm64/-/esbuild-android-arm64-0.14.43.tgz",
      "integrity": "sha512-bKS2BBFh+7XZY9rpjiHGRNA7LvWYbZWP87pLehggTG7tTaCDvj8qQGOU/OZSjCSKDYbgY7Q+oDw8RlYQ2Jt2BA==",
      "dev": true,
      "optional": true
    },
    "esbuild-darwin-64": {
      "version": "0.14.43",
      "resolved": "https://registry.npmjs.org/esbuild-darwin-64/-/esbuild-darwin-64-0.14.43.tgz",
      "integrity": "sha512-/3PSilx011ttoieRGkSZ0XV8zjBf2C9enV4ScMMbCT4dpx0mFhMOpFnCHkOK0pWGB8LklykFyHrWk2z6DENVUg==",
      "dev": true,
      "optional": true
    },
    "esbuild-darwin-arm64": {
      "version": "0.14.43",
      "resolved": "https://registry.npmjs.org/esbuild-darwin-arm64/-/esbuild-darwin-arm64-0.14.43.tgz",
      "integrity": "sha512-1HyFUKs8DMCBOvw1Qxpr5Vv/ThNcVIFb5xgXWK3pyT40WPvgYIiRTwJCvNs4l8i5qWF8/CK5bQxJVDjQvtv0Yw==",
      "dev": true,
      "optional": true
    },
    "esbuild-freebsd-64": {
      "version": "0.14.43",
      "resolved": "https://registry.npmjs.org/esbuild-freebsd-64/-/esbuild-freebsd-64-0.14.43.tgz",
      "integrity": "sha512-FNWc05TPHYgaXjbPZO5/rJKSBslfG6BeMSs8GhwnqAKP56eEhvmzwnIz1QcC9cRVyO+IKqWNfmHFkCa1WJTULA==",
      "dev": true,
      "optional": true
    },
    "esbuild-freebsd-arm64": {
      "version": "0.14.43",
      "resolved": "https://registry.npmjs.org/esbuild-freebsd-arm64/-/esbuild-freebsd-arm64-0.14.43.tgz",
      "integrity": "sha512-amrYopclz3VohqisOPR6hA3GOWA3LZC1WDLnp21RhNmoERmJ/vLnOpnrG2P/Zao+/erKTCUqmrCIPVtj58DRoA==",
      "dev": true,
      "optional": true
    },
    "esbuild-linux-32": {
      "version": "0.14.43",
      "resolved": "https://registry.npmjs.org/esbuild-linux-32/-/esbuild-linux-32-0.14.43.tgz",
      "integrity": "sha512-KoxoEra+9O3AKVvgDFvDkiuddCds6q71owSQEYwjtqRV7RwbPzKxJa6+uyzUulHcyGVq0g15K0oKG5CFBcvYDw==",
      "dev": true,
      "optional": true
    },
    "esbuild-linux-64": {
      "version": "0.14.43",
      "resolved": "https://registry.npmjs.org/esbuild-linux-64/-/esbuild-linux-64-0.14.43.tgz",
      "integrity": "sha512-EwINwGMyiJMgBby5/SbMqKcUhS5AYAZ2CpEBzSowsJPNBJEdhkCTtEjk757TN/wxgbu3QklqDM6KghY660QCUw==",
      "dev": true,
      "optional": true
    },
    "esbuild-linux-arm": {
      "version": "0.14.43",
      "resolved": "https://registry.npmjs.org/esbuild-linux-arm/-/esbuild-linux-arm-0.14.43.tgz",
      "integrity": "sha512-e6YzQUoDxxtyamuF12eVzzRC7bbEFSZohJ6igQB9tBqnNmIQY3fI6Cns3z2wxtbZ3f2o6idkD2fQnlvs2902Dg==",
      "dev": true,
      "optional": true
    },
    "esbuild-linux-arm64": {
      "version": "0.14.43",
      "resolved": "https://registry.npmjs.org/esbuild-linux-arm64/-/esbuild-linux-arm64-0.14.43.tgz",
      "integrity": "sha512-UlSpjMWllAc70zYbHxWuDS3FJytyuR/gHJYBr8BICcTNb/TSOYVBg6U7b3jZ3mILTrgzwJUHwhEwK18FZDouUQ==",
      "dev": true,
      "optional": true
    },
    "esbuild-linux-mips64le": {
      "version": "0.14.43",
      "resolved": "https://registry.npmjs.org/esbuild-linux-mips64le/-/esbuild-linux-mips64le-0.14.43.tgz",
      "integrity": "sha512-f+v8cInPEL1/SDP//CfSYzcDNgE4CY3xgDV81DWm3KAPWzhvxARrKxB1Pstf5mB56yAslJDxu7ryBUPX207EZA==",
      "dev": true,
      "optional": true
    },
    "esbuild-linux-ppc64le": {
      "version": "0.14.43",
      "resolved": "https://registry.npmjs.org/esbuild-linux-ppc64le/-/esbuild-linux-ppc64le-0.14.43.tgz",
      "integrity": "sha512-5wZYMDGAL/K2pqkdIsW+I4IR41kyfHr/QshJcNpUfK3RjB3VQcPWOaZmc+74rm4ZjVirYrtz+jWw0SgxtxRanA==",
      "dev": true,
      "optional": true
    },
    "esbuild-linux-riscv64": {
      "version": "0.14.43",
      "resolved": "https://registry.npmjs.org/esbuild-linux-riscv64/-/esbuild-linux-riscv64-0.14.43.tgz",
      "integrity": "sha512-lYcAOUxp85hC7lSjycJUVSmj4/9oEfSyXjb/ua9bNl8afonaduuqtw7hvKMoKuYnVwOCDw4RSfKpcnIRDWq+Bw==",
      "dev": true,
      "optional": true
    },
    "esbuild-linux-s390x": {
      "version": "0.14.43",
      "resolved": "https://registry.npmjs.org/esbuild-linux-s390x/-/esbuild-linux-s390x-0.14.43.tgz",
      "integrity": "sha512-27e43ZhHvhFE4nM7HqtUbMRu37I/4eNSUbb8FGZWszV+uLzMIsHDwLoBiJmw7G9N+hrehNPeQ4F5Ujad0DrUKQ==",
      "dev": true,
      "optional": true
    },
    "esbuild-netbsd-64": {
      "version": "0.14.43",
      "resolved": "https://registry.npmjs.org/esbuild-netbsd-64/-/esbuild-netbsd-64-0.14.43.tgz",
      "integrity": "sha512-2mH4QF6hHBn5zzAfxEI/2eBC0mspVsZ6UVo821LpAJKMvLJPBk3XJO5xwg7paDqSqpl7p6IRrAenW999AEfJhQ==",
      "dev": true,
      "optional": true
    },
    "esbuild-openbsd-64": {
      "version": "0.14.43",
      "resolved": "https://registry.npmjs.org/esbuild-openbsd-64/-/esbuild-openbsd-64-0.14.43.tgz",
      "integrity": "sha512-ZhQpiZjvqCqO8jKdGp9+8k9E/EHSA+zIWOg+grwZasI9RoblqJ1QiZqqi7jfd6ZrrG1UFBNGe4m0NFxCFbMVbg==",
      "dev": true,
      "optional": true
    },
    "esbuild-sunos-64": {
      "version": "0.14.43",
      "resolved": "https://registry.npmjs.org/esbuild-sunos-64/-/esbuild-sunos-64-0.14.43.tgz",
      "integrity": "sha512-DgxSi9DaHReL9gYuul2rrQCAapgnCJkh3LSHPKsY26zytYppG0HgkgVF80zjIlvEsUbGBP/GHQzBtrezj/Zq1Q==",
      "dev": true,
      "optional": true
    },
    "esbuild-windows-32": {
      "version": "0.14.43",
      "resolved": "https://registry.npmjs.org/esbuild-windows-32/-/esbuild-windows-32-0.14.43.tgz",
      "integrity": "sha512-Ih3+2O5oExiqm0mY6YYE5dR0o8+AspccQ3vIAtRodwFvhuyGLjb0Hbmzun/F3Lw19nuhPMu3sW2fqIJ5xBxByw==",
      "dev": true,
      "optional": true
    },
    "esbuild-windows-64": {
      "version": "0.14.43",
      "resolved": "https://registry.npmjs.org/esbuild-windows-64/-/esbuild-windows-64-0.14.43.tgz",
      "integrity": "sha512-8NsuNfI8xwFuJbrCuI+aBqNTYkrWErejFO5aYM+yHqyHuL8mmepLS9EPzAzk8rvfaJrhN0+RvKWAcymViHOKEw==",
      "dev": true,
      "optional": true
    },
    "esbuild-windows-arm64": {
      "version": "0.14.43",
      "resolved": "https://registry.npmjs.org/esbuild-windows-arm64/-/esbuild-windows-arm64-0.14.43.tgz",
      "integrity": "sha512-7ZlD7bo++kVRblJEoG+cepljkfP8bfuTPz5fIXzptwnPaFwGS6ahvfoYzY7WCf5v/1nX2X02HDraVItTgbHnKw==",
      "dev": true,
      "optional": true
    },
    "fast-check": {
      "version": "3.0.0",
      "resolved": "https://registry.npmjs.org/fast-check/-/fast-check-3.0.0.tgz",
      "integrity": "sha512-uujtrFJEQQqnIMO52ARwzPcuV4omiL1OJBUBLE9WnNFeu0A97sREXDOmCIHY+Z6KLVcemUf09rWr0q0Xy/Y/Ew==",
      "dev": true,
      "requires": {
        "pure-rand": "^5.0.1"
      }
    },
    "oletus": {
      "version": "3.3.0",
      "resolved": "https://registry.npmjs.org/oletus/-/oletus-3.3.0.tgz",
      "integrity": "sha512-Vbyw2FdICsRVLzT/9C26mcyhlElkMYXG1BECDMZ1BVT7fwzk4RicdsM9Of4rjbcHYe1hkUzc2cOaSISD4jGZDA==",
      "dev": true
    },
    "prettier": {
      "version": "2.6.2",
      "resolved": "https://registry.npmjs.org/prettier/-/prettier-2.6.2.tgz",
      "integrity": "sha512-PkUpF+qoXTqhOeWL9fu7As8LXsIUZ1WYaJiY/a7McAQzxjk82OF0tibkFXVCDImZtWxbvojFjerkiLb0/q8mew==",
      "dev": true
    },
    "pure-rand": {
      "version": "5.0.1",
      "resolved": "https://registry.npmjs.org/pure-rand/-/pure-rand-5.0.1.tgz",
      "integrity": "sha512-ksWccjmXOHU2gJBnH0cK1lSYdvSZ0zLoCMSz/nTGh6hDvCSgcRxDyIcOBD6KNxFz3xhMPm/T267Tbe2JRymKEQ==",
      "dev": true
    },
    "typanion": {
      "version": "3.9.0",
      "resolved": "https://registry.npmjs.org/typanion/-/typanion-3.9.0.tgz",
      "integrity": "sha512-7yPk67IIquhKQcUXOBM27vDuGmZf6oJbEmzgVfDniHCkT6+z4JnKY85nKqbstoec8Kp7hD06TP3Kc98ij43PIg==",
      "dev": true
    },
    "typescript": {
      "version": "4.7.3",
      "resolved": "https://registry.npmjs.org/typescript/-/typescript-4.7.3.tgz",
      "integrity": "sha512-WOkT3XYvrpXx4vMMqlD+8R8R37fZkjyLGlxavMc4iB8lrl8L0DeTcHbYgw/v0N/z9wAFsgBhcsF0ruoySS22mA==",
      "dev": true
    },
    "validate-commit-message": {
      "version": "3.2.0",
      "resolved": "https://registry.npmjs.org/validate-commit-message/-/validate-commit-message-3.2.0.tgz",
      "integrity": "sha512-LJG2V+KWVeFk+fPGdY5iPA787D1KRAj4YipcRJFSY6VO2jLg6L2xPViOonS22lzvTjGBb0xowYZeOpcEmIeGeQ==",
      "dev": true
    }
  }
}
